
Microsoft Visual Studio Solution File, Format Version 12.00
# Visual Studio Version 17
VisualStudioVersion = 17.2.32630.192
MinimumVisualStudioVersion = 10.0.40219.1
Project("{FAE04EC0-301F-11D3-BF4B-00C04F79EFBC}") = "OnlineBookstore", "OnlineBookstore\OnlineBookstore.csproj", "{CAB4FFD7-F2ED-4611-A646-0B60C9A1F94B}"
EndProject
Global
	GlobalSection(SolutionConfigurationPlatforms) = preSolution
		Debug|Any CPU = Debug|Any CPU
		Release|Any CPU = Release|Any CPU
	EndGlobalSection
	GlobalSection(ProjectConfigurationPlatforms) = postSolution
		{CAB4FFD7-F2ED-4611-A646-0B60C9A1F94B}.Debug|Any CPU.ActiveCfg = Debug|Any CPU
		{CAB4FFD7-F2ED-4611-A646-0B60C9A1F94B}.Debug|Any CPU.Build.0 = Debug|Any CPU
		{CAB4FFD7-F2ED-4611-A646-0B60C9A1F94B}.Release|Any CPU.ActiveCfg = Release|Any CPU
		{CAB4FFD7-F2ED-4611-A646-0B60C9A1F94B}.Release|Any CPU.Build.0 = Release|Any CPU
	EndGlobalSection
	GlobalSection(SolutionProperties) = preSolution
		HideSolutionNode = FALSE
	EndGlobalSection
	GlobalSection(ExtensibilityGlobals) = postSolution
		SolutionGuid = {E2957743-C008-4E4B-9B51-3719BF5BF6D5}
	EndGlobalSection
EndGlobal
